
Microsoft Visual Studio Solution File, Format Version 12.00
# Visual Studio Version 16
VisualStudioVersion = 16.0.30523.141
MinimumVisualStudioVersion = 10.0.40219.1
Project("{FAE04EC0-301F-11D3-BF4B-00C04F79EFBC}") = "MonoGame", "MonoGame\MonoGame.csproj", "{F19E4372-1160-44EA-93E6-CBAD1BAA0117}"
EndProject
Global
	GlobalSection(SolutionConfigurationPlatforms) = preSolution
		Debug|Any CPU = Debug|Any CPU
		Release|Any CPU = Release|Any CPU
	EndGlobalSection
	GlobalSection(ProjectConfigurationPlatforms) = postSolution
		{F19E4372-1160-44EA-93E6-CBAD1BAA0117}.Debug|Any CPU.ActiveCfg = Debug|Any CPU
		{F19E4372-1160-44EA-93E6-CBAD1BAA0117}.Debug|Any CPU.Build.0 = Debug|Any CPU
		{F19E4372-1160-44EA-93E6-CBAD1BAA0117}.Release|Any CPU.ActiveCfg = Release|Any CPU
		{F19E4372-1160-44EA-93E6-CBAD1BAA0117}.Release|Any CPU.Build.0 = Release|Any CPU
	EndGlobalSection
	GlobalSection(SolutionProperties) = preSolution
		HideSolutionNode = FALSE
	EndGlobalSection
	GlobalSection(ExtensibilityGlobals) = postSolution
		SolutionGuid = {973DD06E-3CDA-4BA2-AA8F-2ABBB0FC9889}
	EndGlobalSection
EndGlobal
